
Microsoft Visual Studio Solution File, Format Version 12.00
# Visual Studio Version 16
VisualStudioVersion = 16.0.29306.81
MinimumVisualStudioVersion = 10.0.40219.1
Project("{FAE04EC0-301F-11D3-BF4B-00C04F79EFBC}") = "QueseDollas", "QueseDollas\QueseDollas.csproj", "{1ABB63FC-7FC0-41C7-95BF-E592256F2EA7}"
EndProject
Global
	GlobalSection(SolutionConfigurationPlatforms) = preSolution
		Debug|Any CPU = Debug|Any CPU
		Release|Any CPU = Release|Any CPU
	EndGlobalSection
	GlobalSection(ProjectConfigurationPlatforms) = postSolution
		{1ABB63FC-7FC0-41C7-95BF-E592256F2EA7}.Debug|Any CPU.ActiveCfg = Debug|Any CPU
		{1ABB63FC-7FC0-41C7-95BF-E592256F2EA7}.Debug|Any CPU.Build.0 = Debug|Any CPU
		{1ABB63FC-7FC0-41C7-95BF-E592256F2EA7}.Release|Any CPU.ActiveCfg = Release|Any CPU
		{1ABB63FC-7FC0-41C7-95BF-E592256F2EA7}.Release|Any CPU.Build.0 = Release|Any CPU
	EndGlobalSection
	GlobalSection(SolutionProperties) = preSolution
		HideSolutionNode = FALSE
	EndGlobalSection
	GlobalSection(ExtensibilityGlobals) = postSolution
		SolutionGuid = {94735866-5196-4F7F-8234-3C30C55E2806}
	EndGlobalSection
EndGlobal
